
Microsoft Visual Studio Solution File, Format Version 12.00
# Visual Studio Version 17
VisualStudioVersion = 17.0.31903.59
MinimumVisualStudioVersion = 10.0.40219.1
Project("{FAE04EC0-301F-11D3-BF4B-00C04F79EFBC}") = "MavPaths", "MavPaths\MavPaths.csproj", "{F324B0C2-7DB4-4496-B0A9-8F773732068D}"
EndProject
Global
	GlobalSection(SolutionConfigurationPlatforms) = preSolution
		Debug|Any CPU = Debug|Any CPU
		Release|Any CPU = Release|Any CPU
	EndGlobalSection
	GlobalSection(SolutionProperties) = preSolution
		HideSolutionNode = FALSE
	EndGlobalSection
	GlobalSection(ProjectConfigurationPlatforms) = postSolution
		{F324B0C2-7DB4-4496-B0A9-8F773732068D}.Debug|Any CPU.ActiveCfg = Debug|Any CPU
		{F324B0C2-7DB4-4496-B0A9-8F773732068D}.Debug|Any CPU.Build.0 = Debug|Any CPU
		{F324B0C2-7DB4-4496-B0A9-8F773732068D}.Release|Any CPU.ActiveCfg = Release|Any CPU
		{F324B0C2-7DB4-4496-B0A9-8F773732068D}.Release|Any CPU.Build.0 = Release|Any CPU
	EndGlobalSection
EndGlobal
